
Microsoft Visual Studio Solution File, Format Version 12.00
# Visual Studio 15
VisualStudioVersion = 15.0.27130.2027
MinimumVisualStudioVersion = 10.0.40219.1
Project("{2150E333-8FDC-42A3-9474-1A3956D46DE8}") = "EmailMakerTests", "EmailMakerTests", "{39EEE678-E12E-4BFE-AB64-66A11AC4D074}"
EndProject
Project("{9A19103F-16F7-4668-BE54-9A1E7A4F7556}") = "EmailMaker.Domain", "EmailMaker.Domain\EmailMaker.Domain.csproj", "{09698B3F-4CF5-49DC-BA64-27790733B2D2}"
EndProject
Project("{FAE04EC0-301F-11D3-BF4B-00C04F79EFBC}") = "EmailMaker.Website", "EmailMaker.Website\EmailMaker.Website.csproj", "{BA9916C7-48D4-4824-A4ED-2D3FEF5CA9F1}"
EndProject
Project("{9A19103F-16F7-4668-BE54-9A1E7A4F7556}") = "EmailMaker.Controllers", "EmailMaker.Controllers\EmailMaker.Controllers.csproj", "{A34ED149-1B63-44AC-B72A-A81C5FD42190}"
EndProject
Project("{9A19103F-16F7-4668-BE54-9A1E7A4F7556}") = "EmailMaker.TestHelper", "EmailMaker.TestHelper\EmailMaker.TestHelper.csproj", "{E1F1BD03-EC27-4AE8-8021-4580560A0E29}"
EndProject
Project("{9A19103F-16F7-4668-BE54-9A1E7A4F7556}") = "EmailMaker.Queries", "EmailMaker.Queries\EmailMaker.Queries.csproj", "{B6CA3CBC-8ABD-4CCC-8E38-44D624F2174B}"
EndProject
Project("{9A19103F-16F7-4668-BE54-9A1E7A4F7556}") = "EmailMaker.Commands", "EmailMaker.Commands\EmailMaker.Commands.csproj", "{DB6DC588-8415-4184-8B4B-6485374A2E68}"
EndProject
Project("{9A19103F-16F7-4668-BE54-9A1E7A4F7556}") = "EmailMaker.Messages", "EmailMaker.Messages\EmailMaker.Messages.csproj", "{5FF5C804-51CA-4D7F-81F5-DEE992EA018C}"
EndProject
Project("{9A19103F-16F7-4668-BE54-9A1E7A4F7556}") = "EmailMaker.Service", "EmailMaker.Service\EmailMaker.Service.csproj", "{3B63F0F4-1E42-4139-A0A9-1C8B3FED61FF}"
EndProject
Project("{9A19103F-16F7-4668-BE54-9A1E7A4F7556}") = "EmailMaker.UnitTests", "EmailMaker.UnitTests\EmailMaker.UnitTests.csproj", "{B157AFD0-7402-436D-9156-B9D62854D77C}"
EndProject
Project("{9A19103F-16F7-4668-BE54-9A1E7A4F7556}") = "EmailMaker.Infrastructure", "EmailMaker.Infrastructure\EmailMaker.Infrastructure.csproj", "{4EC67C85-CA58-4ECC-BDAA-836A67C030C5}"
EndProject
Project("{9A19103F-16F7-4668-BE54-9A1E7A4F7556}") = "EmailMaker.Core", "EmailMaker.Core\EmailMaker.Core.csproj", "{AC889EB1-719B-4FFD-B179-514F0AC5F5CE}"
EndProject
Project("{9A19103F-16F7-4668-BE54-9A1E7A4F7556}") = "EmailMaker.PersistenceTests", "EmailMaker.PersistenceTests\EmailMaker.PersistenceTests.csproj", "{10790F2C-1370-4050-A0BF-7B0D4B509AF3}"
EndProject
Project("{9A19103F-16F7-4668-BE54-9A1E7A4F7556}") = "EmailMaker.Dtos", "EmailMaker.Dto\EmailMaker.Dtos.csproj", "{9EC89380-5186-450A-BFCE-A08CF74BE535}"
EndProject
Project("{9A19103F-16F7-4668-BE54-9A1E7A4F7556}") = "EmailMaker.Tools", "EmailMaker.Tools\EmailMaker.Tools.csproj", "{A68D470F-F2A4-4ED3-8A33-3D32934EB6F0}"
EndProject
Project("{9A19103F-16F7-4668-BE54-9A1E7A4F7556}") = "CoreTest", "CoreTest\CoreTest.csproj", "{F0BDE5C4-8C20-4319-9E87-455F2BD79BBF}"
EndProject
Project("{9A19103F-16F7-4668-BE54-9A1E7A4F7556}") = "EmailMaker.Service.Tests", "EmailMaker.Service.Tests\EmailMaker.Service.Tests.csproj", "{0A3294D7-05DD-49E9-9A3E-7D5B530F9FCB}"
EndProject
Project("{9A19103F-16F7-4668-BE54-9A1E7A4F7556}") = "CoreNserviceBusTest", "CoreNserviceBusTest\CoreNserviceBusTest.csproj", "{60E5A375-9CD0-48C8-9620-F0BE12B8D084}"
EndProject
Project("{9A19103F-16F7-4668-BE54-9A1E7A4F7556}") = "CoreWeb", "CoreWeb\CoreWeb.csproj", "{84703BD6-F546-4EEE-BB43-18201771C3B0}"
EndProject
Project("{9A19103F-16F7-4668-BE54-9A1E7A4F7556}") = "EmailMaker.Domain.NhibernateMapping", "EmailMaker.Domain.NhibernateMapping\EmailMaker.Domain.NhibernateMapping.csproj", "{02D6DAB6-D492-4DAF-A8C2-42D7C3FBB4A3}"
EndProject
Project("{9A19103F-16F7-4668-BE54-9A1E7A4F7556}") = "CoreIoC", "repositoryLinks\coreddd\src\CoreIoC\CoreIoC.csproj", "{BBBD355A-6056-4269-A235-2D0A3D3E8170}"
EndProject
Project("{2150E333-8FDC-42A3-9474-1A3956D46DE8}") = "CoreDdd", "CoreDdd", "{0C10C201-7188-4109-95E8-B9BCDA39BA9F}"
EndProject
Project("{9A19103F-16F7-4668-BE54-9A1E7A4F7556}") = "CoreDdd", "repositoryLinks\coreddd\src\CoreDdd\CoreDdd.csproj", "{98A96361-3D2C-4AA9-A347-1124E4D2D1DF}"
EndProject
Project("{9A19103F-16F7-4668-BE54-9A1E7A4F7556}") = "CoreDdd.Nhibernate", "repositoryLinks\coreddd\src\CoreDdd.Nhibernate\CoreDdd.Nhibernate.csproj", "{38CAA86D-8ADF-4BA2-A56F-03A0948D9472}"
EndProject
Project("{9A19103F-16F7-4668-BE54-9A1E7A4F7556}") = "CoreDdd.Nhibernate.Register.Castle", "repositoryLinks\coreddd\src\CoreDdd.Nhibernate.Register.Castle\CoreDdd.Nhibernate.Register.Castle.csproj", "{919DBBB7-CEE7-42CD-BF9C-1955244EAA33}"
EndProject
Project("{9A19103F-16F7-4668-BE54-9A1E7A4F7556}") = "CoreDdd.Register.Castle", "repositoryLinks\coreddd\src\CoreDdd.Register.Castle\CoreDdd.Register.Castle.csproj", "{BBA70886-0CA5-4E21-A642-B77FB0918169}"
EndProject
Project("{9A19103F-16F7-4668-BE54-9A1E7A4F7556}") = "CoreDdd.Tests", "repositoryLinks\coreddd\src\CoreDdd.Tests\CoreDdd.Tests.csproj", "{72708BD8-D2D5-4FC0-9A70-361EEE14B1EA}"
EndProject
Project("{9A19103F-16F7-4668-BE54-9A1E7A4F7556}") = "CoreIoC.Castle", "repositoryLinks\coreddd\src\CoreIoC.Castle\CoreIoC.Castle.csproj", "{051BB9FD-8215-4B16-AD1F-A37899C77544}"
EndProject
Project("{9A19103F-16F7-4668-BE54-9A1E7A4F7556}") = "CoreIoC.Castle.Tests", "repositoryLinks\coreddd\src\CoreIoC.Castle.Tests\CoreIoC.Castle.Tests.csproj", "{8A04CBC6-8C90-4ADC-AA6A-F618CFCD5941}"
EndProject
Project("{9A19103F-16F7-4668-BE54-9A1E7A4F7556}") = "CoreIoC.Tests", "repositoryLinks\coreddd\src\CoreIoC.Tests\CoreIoC.Tests.csproj", "{F283E6C8-B201-44C5-AD93-AADE3B431468}"
EndProject
Project("{9A19103F-16F7-4668-BE54-9A1E7A4F7556}") = "CoreUtils", "repositoryLinks\coreddd\src\CoreUtils\CoreUtils.csproj", "{F27C0E99-734B-41BD-B2C6-CED99A9E8720}"
EndProject
Project("{9A19103F-16F7-4668-BE54-9A1E7A4F7556}") = "CoreUtils.Tests", "repositoryLinks\coreddd\src\CoreUtils.Tests\CoreUtils.Tests.csproj", "{FB70D97A-6302-4BE1-9BF3-5C8AF4D96802}"
EndProject
Project("{2150E333-8FDC-42A3-9474-1A3956D46DE8}") = "Tests", "Tests", "{728BAF88-2E0F-4804-80E8-C79F2D094F6E}"
EndProject
Project("{9A19103F-16F7-4668-BE54-9A1E7A4F7556}") = "CoreDdd.Nhibernate.TestHelpers", "repositoryLinks\coreddd\src\CoreDdd.Nhibernate.TestHelpers\CoreDdd.Nhibernate.TestHelpers.csproj", "{93A7C2A1-EE39-49E7-BF3D-F063AE5AAB91}"
EndProject
Project("{9A19103F-16F7-4668-BE54-9A1E7A4F7556}") = "CoreDdd.Nhibernate.Tests", "repositoryLinks\coreddd\src\CoreDdd.Nhibernate.Tests\CoreDdd.Nhibernate.Tests.csproj", "{573BFE62-A79E-4569-ACC7-5C32EB645F36}"
EndProject
Project("{9A19103F-16F7-4668-BE54-9A1E7A4F7556}") = "CoreIoC.Ninject", "repositoryLinks\coreddd\src\CoreIoC.Ninject\CoreIoC.Ninject.csproj", "{C332A228-9BE8-4304-8031-E625F7C272EB}"
EndProject
Project("{9A19103F-16F7-4668-BE54-9A1E7A4F7556}") = "CoreIoC.Ninject.Tests", "repositoryLinks\coreddd\src\CoreIoC.Ninject.Tests\CoreIoC.Ninject.Tests.csproj", "{F04859EF-37CE-4036-A315-0FFB8C0532E5}"
EndProject
Project("{9A19103F-16F7-4668-BE54-9A1E7A4F7556}") = "CoreDdd.Nhibernate.Register.Ninject", "repositoryLinks\coreddd\src\CoreDdd.Nhibernate.Register.Ninject\CoreDdd.Nhibernate.Register.Ninject.csproj", "{E43CF435-ECE9-4D35-98AA-3228C4A74506}"
EndProject
Project("{9A19103F-16F7-4668-BE54-9A1E7A4F7556}") = "CoreDdd.Register.Ninject", "repositoryLinks\coreddd\src\CoreDdd.Register.Ninject\CoreDdd.Register.Ninject.csproj", "{E33E3571-C62A-4775-8315-FBAB7C6D9938}"
EndProject
Project("{9A19103F-16F7-4668-BE54-9A1E7A4F7556}") = "EmailMaker.Commands.Register.Castle", "EmailMaker.Commands.Register.Castle\EmailMaker.Commands.Register.Castle.csproj", "{FD739EF6-FC20-4167-BA88-6EC3533C5486}"
EndProject
Project("{9A19103F-16F7-4668-BE54-9A1E7A4F7556}") = "EmailMaker.Controllers.Register.Castle", "EmailMaker.Controllers.Register.Castle\EmailMaker.Controllers.Register.Castle.csproj", "{7BAF65D6-0BB7-46E5-9C69-32C1AE7B1E6E}"
EndProject
Project("{9A19103F-16F7-4668-BE54-9A1E7A4F7556}") = "EmailMaker.Domain.Register.Castle", "EmailMaker.Domain.Register.Castle\EmailMaker.Domain.Register.Castle.csproj", "{5EBFDEAE-FA52-4191-A661-832DE662825B}"
EndProject
Project("{9A19103F-16F7-4668-BE54-9A1E7A4F7556}") = "EmailMaker.Infrastructure.Register.Castle", "EmailMaker.Infrastructure.Register.Castle\EmailMaker.Infrastructure.Register.Castle.csproj", "{546056FA-245F-463E-854B-DC9EE68D354F}"
EndProject
Project("{9A19103F-16F7-4668-BE54-9A1E7A4F7556}") = "EmailMaker.Queries.Register.Castle", "EmailMaker.Queries.Register.Castle\EmailMaker.Queries.Register.Castle.csproj", "{1F1EC8F2-45C8-4681-A5FA-8C93CABEF9CE}"
EndProject
Project("{9A19103F-16F7-4668-BE54-9A1E7A4F7556}") = "EmailMaker.Commands.Register.Ninject", "EmailMaker.Commands.Register.Ninject\EmailMaker.Commands.Register.Ninject.csproj", "{0323C689-AFBE-4892-9F7D-596EE4FD286D}"
EndProject
Project("{9A19103F-16F7-4668-BE54-9A1E7A4F7556}") = "EmailMaker.Controllers.Register.Ninject", "EmailMaker.Controllers.Register.Ninject\EmailMaker.Controllers.Register.Ninject.csproj", "{45F8E38B-9FA1-446C-BD39-834A6BA1C005}"
EndProject
Project("{9A19103F-16F7-4668-BE54-9A1E7A4F7556}") = "EmailMaker.Domain.Register.Ninject", "EmailMaker.Domain.Register.Ninject\EmailMaker.Domain.Register.Ninject.csproj", "{3B81A7C1-5FE7-4D32-8998-578B320131CF}"
EndProject
Project("{9A19103F-16F7-4668-BE54-9A1E7A4F7556}") = "EmailMaker.Infrastructure.Register.Ninject", "EmailMaker.Infrastructure.Register.Ninject\EmailMaker.Infrastructure.Register.Ninject.csproj", "{5489FC80-FF7A-49A4-A517-8936C2087F2B}"
EndProject
Project("{9A19103F-16F7-4668-BE54-9A1E7A4F7556}") = "EmailMaker.Queries.Register.Ninject", "EmailMaker.Queries.Register.Ninject\EmailMaker.Queries.Register.Ninject.csproj", "{3B3DCF25-81EC-475D-9775-2B45452C63D2}"
EndProject
Project("{2150E333-8FDC-42A3-9474-1A3956D46DE8}") = "IoCRegistration", "IoCRegistration", "{8937834A-C498-4952-AEB1-179B615872B6}"
EndProject
Project("{2150E333-8FDC-42A3-9474-1A3956D46DE8}") = "Castle", "Castle", "{8C13E8F4-10CE-49FB-8E27-C0B7B282B9D3}"
EndProject
Project("{2150E333-8FDC-42A3-9474-1A3956D46DE8}") = "Ninject", "Ninject", "{83592D1C-6FB5-4BDE-AACF-8BB3A6C1E0E8}"
EndProject
Project("{2150E333-8FDC-42A3-9474-1A3956D46DE8}") = "DatabaseBuilder", "DatabaseBuilder", "{359DF790-C629-4DB0-B36F-939E1A54A39F}"
EndProject
Project("{9A19103F-16F7-4668-BE54-9A1E7A4F7556}") = "DatabaseBuilder", "repositoryLinks\databasebuilder\src\DatabaseBuilder\DatabaseBuilder.csproj", "{EF879534-64C9-462D-90C9-99E6A3E2E5F2}"
EndProject
Project("{2150E333-8FDC-42A3-9474-1A3956D46DE8}") = "Tests", "Tests", "{9D198AB1-B960-4038-A514-992F2C6B3F2B}"
EndProject
Project("{9A19103F-16F7-4668-BE54-9A1E7A4F7556}") = "DatabaseBuilder.Tests", "repositoryLinks\databasebuilder\src\DatabaseBuilder.Tests\DatabaseBuilder.Tests.csproj", "{F537D66C-6727-4652-9AC3-12878D21F0CB}"
EndProject
Global
	GlobalSection(SolutionConfigurationPlatforms) = preSolution
		Debug|Any CPU = Debug|Any CPU
		Release|Any CPU = Release|Any CPU
		Repolinks-Debug|Any CPU = Repolinks-Debug|Any CPU
	EndGlobalSection
	GlobalSection(ProjectConfigurationPlatforms) = postSolution
		{09698B3F-4CF5-49DC-BA64-27790733B2D2}.Repolinks-Debug|Any CPU.ActiveCfg = Repolinks-Debug|Any CPU
		{09698B3F-4CF5-49DC-BA64-27790733B2D2}.Repolinks-Debug|Any CPU.Build.0 = Repolinks-Debug|Any CPU
		{09698B3F-4CF5-49DC-BA64-27790733B2D2}.Debug|Any CPU.ActiveCfg = Debug|Any CPU
		{09698B3F-4CF5-49DC-BA64-27790733B2D2}.Debug|Any CPU.Build.0 = Debug|Any CPU
		{09698B3F-4CF5-49DC-BA64-27790733B2D2}.Release|Any CPU.ActiveCfg = Release|Any CPU
		{09698B3F-4CF5-49DC-BA64-27790733B2D2}.Release|Any CPU.Build.0 = Release|Any CPU
		{BA9916C7-48D4-4824-A4ED-2D3FEF5CA9F1}.Repolinks-Debug|Any CPU.ActiveCfg = Repolinks-Debug|Any CPU
		{BA9916C7-48D4-4824-A4ED-2D3FEF5CA9F1}.Repolinks-Debug|Any CPU.Build.0 = Repolinks-Debug|Any CPU
		{BA9916C7-48D4-4824-A4ED-2D3FEF5CA9F1}.Debug|Any CPU.ActiveCfg = Debug|Any CPU
		{BA9916C7-48D4-4824-A4ED-2D3FEF5CA9F1}.Debug|Any CPU.Build.0 = Debug|Any CPU
		{BA9916C7-48D4-4824-A4ED-2D3FEF5CA9F1}.Release|Any CPU.ActiveCfg = Release|Any CPU
		{BA9916C7-48D4-4824-A4ED-2D3FEF5CA9F1}.Release|Any CPU.Build.0 = Release|Any CPU
		{A34ED149-1B63-44AC-B72A-A81C5FD42190}.Repolinks-Debug|Any CPU.ActiveCfg = Repolinks-Debug|Any CPU
		{A34ED149-1B63-44AC-B72A-A81C5FD42190}.Repolinks-Debug|Any CPU.Build.0 = Repolinks-Debug|Any CPU
		{A34ED149-1B63-44AC-B72A-A81C5FD42190}.Debug|Any CPU.ActiveCfg = Debug|Any CPU
		{A34ED149-1B63-44AC-B72A-A81C5FD42190}.Debug|Any CPU.Build.0 = Debug|Any CPU
		{A34ED149-1B63-44AC-B72A-A81C5FD42190}.Release|Any CPU.ActiveCfg = Release|Any CPU
		{A34ED149-1B63-44AC-B72A-A81C5FD42190}.Release|Any CPU.Build.0 = Release|Any CPU
		{E1F1BD03-EC27-4AE8-8021-4580560A0E29}.Repolinks-Debug|Any CPU.ActiveCfg = Repolinks-Debug|Any CPU
		{E1F1BD03-EC27-4AE8-8021-4580560A0E29}.Repolinks-Debug|Any CPU.Build.0 = Repolinks-Debug|Any CPU
		{E1F1BD03-EC27-4AE8-8021-4580560A0E29}.Debug|Any CPU.ActiveCfg = Debug|Any CPU
		{E1F1BD03-EC27-4AE8-8021-4580560A0E29}.Debug|Any CPU.Build.0 = Debug|Any CPU
		{E1F1BD03-EC27-4AE8-8021-4580560A0E29}.Release|Any CPU.ActiveCfg = Release|Any CPU
		{E1F1BD03-EC27-4AE8-8021-4580560A0E29}.Release|Any CPU.Build.0 = Release|Any CPU
		{B6CA3CBC-8ABD-4CCC-8E38-44D624F2174B}.Repolinks-Debug|Any CPU.ActiveCfg = Repolinks-Debug|Any CPU
		{B6CA3CBC-8ABD-4CCC-8E38-44D624F2174B}.Repolinks-Debug|Any CPU.Build.0 = Repolinks-Debug|Any CPU
		{B6CA3CBC-8ABD-4CCC-8E38-44D624F2174B}.Debug|Any CPU.ActiveCfg = Debug|Any CPU
		{B6CA3CBC-8ABD-4CCC-8E38-44D624F2174B}.Debug|Any CPU.Build.0 = Debug|Any CPU
		{B6CA3CBC-8ABD-4CCC-8E38-44D624F2174B}.Release|Any CPU.ActiveCfg = Release|Any CPU
		{B6CA3CBC-8ABD-4CCC-8E38-44D624F2174B}.Release|Any CPU.Build.0 = Release|Any CPU
		{DB6DC588-8415-4184-8B4B-6485374A2E68}.Repolinks-Debug|Any CPU.ActiveCfg = Repolinks-Debug|Any CPU
		{DB6DC588-8415-4184-8B4B-6485374A2E68}.Repolinks-Debug|Any CPU.Build.0 = Repolinks-Debug|Any CPU
		{DB6DC588-8415-4184-8B4B-6485374A2E68}.Debug|Any CPU.ActiveCfg = Debug|Any CPU
		{DB6DC588-8415-4184-8B4B-6485374A2E68}.Debug|Any CPU.Build.0 = Debug|Any CPU
		{DB6DC588-8415-4184-8B4B-6485374A2E68}.Release|Any CPU.ActiveCfg = Release|Any CPU
		{DB6DC588-8415-4184-8B4B-6485374A2E68}.Release|Any CPU.Build.0 = Release|Any CPU
		{5FF5C804-51CA-4D7F-81F5-DEE992EA018C}.Repolinks-Debug|Any CPU.ActiveCfg = Repolinks-Debug|Any CPU
		{5FF5C804-51CA-4D7F-81F5-DEE992EA018C}.Repolinks-Debug|Any CPU.Build.0 = Repolinks-Debug|Any CPU
		{5FF5C804-51CA-4D7F-81F5-DEE992EA018C}.Debug|Any CPU.ActiveCfg = Debug|Any CPU
		{5FF5C804-51CA-4D7F-81F5-DEE992EA018C}.Debug|Any CPU.Build.0 = Debug|Any CPU
		{5FF5C804-51CA-4D7F-81F5-DEE992EA018C}.Release|Any CPU.ActiveCfg = Release|Any CPU
		{5FF5C804-51CA-4D7F-81F5-DEE992EA018C}.Release|Any CPU.Build.0 = Release|Any CPU
		{3B63F0F4-1E42-4139-A0A9-1C8B3FED61FF}.Repolinks-Debug|Any CPU.ActiveCfg = Repolinks-Debug|Any CPU
		{3B63F0F4-1E42-4139-A0A9-1C8B3FED61FF}.Repolinks-Debug|Any CPU.Build.0 = Repolinks-Debug|Any CPU
		{3B63F0F4-1E42-4139-A0A9-1C8B3FED61FF}.Debug|Any CPU.ActiveCfg = Debug|Any CPU
		{3B63F0F4-1E42-4139-A0A9-1C8B3FED61FF}.Debug|Any CPU.Build.0 = Debug|Any CPU
		{3B63F0F4-1E42-4139-A0A9-1C8B3FED61FF}.Release|Any CPU.ActiveCfg = Release|Any CPU
		{3B63F0F4-1E42-4139-A0A9-1C8B3FED61FF}.Release|Any CPU.Build.0 = Release|Any CPU
		{B157AFD0-7402-436D-9156-B9D62854D77C}.Repolinks-Debug|Any CPU.ActiveCfg = Repolinks-Debug|Any CPU
		{B157AFD0-7402-436D-9156-B9D62854D77C}.Repolinks-Debug|Any CPU.Build.0 = Repolinks-Debug|Any CPU
		{B157AFD0-7402-436D-9156-B9D62854D77C}.Debug|Any CPU.ActiveCfg = Debug|Any CPU
		{B157AFD0-7402-436D-9156-B9D62854D77C}.Debug|Any CPU.Build.0 = Debug|Any CPU
		{B157AFD0-7402-436D-9156-B9D62854D77C}.Release|Any CPU.ActiveCfg = Release|Any CPU
		{B157AFD0-7402-436D-9156-B9D62854D77C}.Release|Any CPU.Build.0 = Release|Any CPU
		{4EC67C85-CA58-4ECC-BDAA-836A67C030C5}.Repolinks-Debug|Any CPU.ActiveCfg = Repolinks-Debug|Any CPU
		{4EC67C85-CA58-4ECC-BDAA-836A67C030C5}.Repolinks-Debug|Any CPU.Build.0 = Repolinks-Debug|Any CPU
		{4EC67C85-CA58-4ECC-BDAA-836A67C030C5}.Debug|Any CPU.ActiveCfg = Debug|Any CPU
		{4EC67C85-CA58-4ECC-BDAA-836A67C030C5}.Debug|Any CPU.Build.0 = Debug|Any CPU
		{4EC67C85-CA58-4ECC-BDAA-836A67C030C5}.Release|Any CPU.ActiveCfg = Release|Any CPU
		{4EC67C85-CA58-4ECC-BDAA-836A67C030C5}.Release|Any CPU.Build.0 = Release|Any CPU
		{AC889EB1-719B-4FFD-B179-514F0AC5F5CE}.Repolinks-Debug|Any CPU.ActiveCfg = Repolinks-Debug|Any CPU
		{AC889EB1-719B-4FFD-B179-514F0AC5F5CE}.Repolinks-Debug|Any CPU.Build.0 = Repolinks-Debug|Any CPU
		{AC889EB1-719B-4FFD-B179-514F0AC5F5CE}.Debug|Any CPU.ActiveCfg = Debug|Any CPU
		{AC889EB1-719B-4FFD-B179-514F0AC5F5CE}.Debug|Any CPU.Build.0 = Debug|Any CPU
		{AC889EB1-719B-4FFD-B179-514F0AC5F5CE}.Release|Any CPU.ActiveCfg = Release|Any CPU
		{AC889EB1-719B-4FFD-B179-514F0AC5F5CE}.Release|Any CPU.Build.0 = Release|Any CPU
		{10790F2C-1370-4050-A0BF-7B0D4B509AF3}.Repolinks-Debug|Any CPU.ActiveCfg = Repolinks-Debug|Any CPU
		{10790F2C-1370-4050-A0BF-7B0D4B509AF3}.Repolinks-Debug|Any CPU.Build.0 = Repolinks-Debug|Any CPU
		{10790F2C-1370-4050-A0BF-7B0D4B509AF3}.Debug|Any CPU.ActiveCfg = Debug|Any CPU
		{10790F2C-1370-4050-A0BF-7B0D4B509AF3}.Debug|Any CPU.Build.0 = Debug|Any CPU
		{10790F2C-1370-4050-A0BF-7B0D4B509AF3}.Release|Any CPU.ActiveCfg = Release|Any CPU
		{10790F2C-1370-4050-A0BF-7B0D4B509AF3}.Release|Any CPU.Build.0 = Release|Any CPU
		{9EC89380-5186-450A-BFCE-A08CF74BE535}.Repolinks-Debug|Any CPU.ActiveCfg = Repolinks-Debug|Any CPU
		{9EC89380-5186-450A-BFCE-A08CF74BE535}.Repolinks-Debug|Any CPU.Build.0 = Repolinks-Debug|Any CPU
		{9EC89380-5186-450A-BFCE-A08CF74BE535}.Debug|Any CPU.ActiveCfg = Debug|Any CPU
		{9EC89380-5186-450A-BFCE-A08CF74BE535}.Debug|Any CPU.Build.0 = Debug|Any CPU
		{9EC89380-5186-450A-BFCE-A08CF74BE535}.Release|Any CPU.ActiveCfg = Release|Any CPU
		{9EC89380-5186-450A-BFCE-A08CF74BE535}.Release|Any CPU.Build.0 = Release|Any CPU
		{A68D470F-F2A4-4ED3-8A33-3D32934EB6F0}.Repolinks-Debug|Any CPU.ActiveCfg = Repolinks-Debug|Any CPU
		{A68D470F-F2A4-4ED3-8A33-3D32934EB6F0}.Repolinks-Debug|Any CPU.Build.0 = Repolinks-Debug|Any CPU
		{A68D470F-F2A4-4ED3-8A33-3D32934EB6F0}.Debug|Any CPU.ActiveCfg = Debug|Any CPU
		{A68D470F-F2A4-4ED3-8A33-3D32934EB6F0}.Debug|Any CPU.Build.0 = Debug|Any CPU
		{A68D470F-F2A4-4ED3-8A33-3D32934EB6F0}.Release|Any CPU.ActiveCfg = Release|Any CPU
		{A68D470F-F2A4-4ED3-8A33-3D32934EB6F0}.Release|Any CPU.Build.0 = Release|Any CPU
		{F0BDE5C4-8C20-4319-9E87-455F2BD79BBF}.Repolinks-Debug|Any CPU.ActiveCfg = Repolinks-Debug|Any CPU
		{F0BDE5C4-8C20-4319-9E87-455F2BD79BBF}.Repolinks-Debug|Any CPU.Build.0 = Repolinks-Debug|Any CPU
		{F0BDE5C4-8C20-4319-9E87-455F2BD79BBF}.Debug|Any CPU.ActiveCfg = Debug|Any CPU
		{F0BDE5C4-8C20-4319-9E87-455F2BD79BBF}.Debug|Any CPU.Build.0 = Debug|Any CPU
		{F0BDE5C4-8C20-4319-9E87-455F2BD79BBF}.Release|Any CPU.ActiveCfg = Release|Any CPU
		{F0BDE5C4-8C20-4319-9E87-455F2BD79BBF}.Release|Any CPU.Build.0 = Release|Any CPU
		{0A3294D7-05DD-49E9-9A3E-7D5B530F9FCB}.Repolinks-Debug|Any CPU.ActiveCfg = Repolinks-Debug|Any CPU
		{0A3294D7-05DD-49E9-9A3E-7D5B530F9FCB}.Repolinks-Debug|Any CPU.Build.0 = Repolinks-Debug|Any CPU
		{0A3294D7-05DD-49E9-9A3E-7D5B530F9FCB}.Debug|Any CPU.ActiveCfg = Debug|Any CPU
		{0A3294D7-05DD-49E9-9A3E-7D5B530F9FCB}.Debug|Any CPU.Build.0 = Debug|Any CPU
		{0A3294D7-05DD-49E9-9A3E-7D5B530F9FCB}.Release|Any CPU.ActiveCfg = Release|Any CPU
		{0A3294D7-05DD-49E9-9A3E-7D5B530F9FCB}.Release|Any CPU.Build.0 = Release|Any CPU
		{60E5A375-9CD0-48C8-9620-F0BE12B8D084}.Repolinks-Debug|Any CPU.ActiveCfg = Repolinks-Debug|Any CPU
		{60E5A375-9CD0-48C8-9620-F0BE12B8D084}.Repolinks-Debug|Any CPU.Build.0 = Repolinks-Debug|Any CPU
		{60E5A375-9CD0-48C8-9620-F0BE12B8D084}.Debug|Any CPU.ActiveCfg = Debug|Any CPU
		{60E5A375-9CD0-48C8-9620-F0BE12B8D084}.Debug|Any CPU.Build.0 = Debug|Any CPU
		{60E5A375-9CD0-48C8-9620-F0BE12B8D084}.Release|Any CPU.ActiveCfg = Release|Any CPU
		{60E5A375-9CD0-48C8-9620-F0BE12B8D084}.Release|Any CPU.Build.0 = Release|Any CPU
		{84703BD6-F546-4EEE-BB43-18201771C3B0}.Repolinks-Debug|Any CPU.ActiveCfg = Repolinks-Debug|Any CPU
		{84703BD6-F546-4EEE-BB43-18201771C3B0}.Repolinks-Debug|Any CPU.Build.0 = Repolinks-Debug|Any CPU
		{84703BD6-F546-4EEE-BB43-18201771C3B0}.Debug|Any CPU.ActiveCfg = Debug|Any CPU
		{84703BD6-F546-4EEE-BB43-18201771C3B0}.Debug|Any CPU.Build.0 = Debug|Any CPU
		{84703BD6-F546-4EEE-BB43-18201771C3B0}.Release|Any CPU.ActiveCfg = Release|Any CPU
		{84703BD6-F546-4EEE-BB43-18201771C3B0}.Release|Any CPU.Build.0 = Release|Any CPU
		{02D6DAB6-D492-4DAF-A8C2-42D7C3FBB4A3}.Repolinks-Debug|Any CPU.ActiveCfg = Repolinks-Debug|Any CPU
		{02D6DAB6-D492-4DAF-A8C2-42D7C3FBB4A3}.Repolinks-Debug|Any CPU.Build.0 = Repolinks-Debug|Any CPU
		{02D6DAB6-D492-4DAF-A8C2-42D7C3FBB4A3}.Debug|Any CPU.ActiveCfg = Debug|Any CPU
		{02D6DAB6-D492-4DAF-A8C2-42D7C3FBB4A3}.Debug|Any CPU.Build.0 = Debug|Any CPU
		{02D6DAB6-D492-4DAF-A8C2-42D7C3FBB4A3}.Release|Any CPU.ActiveCfg = Release|Any CPU
		{02D6DAB6-D492-4DAF-A8C2-42D7C3FBB4A3}.Release|Any CPU.Build.0 = Release|Any CPU
		{BBBD355A-6056-4269-A235-2D0A3D3E8170}.Repolinks-Debug|Any CPU.ActiveCfg = Debug|Any CPU
		{BBBD355A-6056-4269-A235-2D0A3D3E8170}.Repolinks-Debug|Any CPU.Build.0 = Debug|Any CPU
		{BBBD355A-6056-4269-A235-2D0A3D3E8170}.Debug|Any CPU.ActiveCfg = Debug|Any CPU
		{BBBD355A-6056-4269-A235-2D0A3D3E8170}.Debug|Any CPU.Build.0 = Debug|Any CPU
		{BBBD355A-6056-4269-A235-2D0A3D3E8170}.Release|Any CPU.ActiveCfg = Release|Any CPU
		{BBBD355A-6056-4269-A235-2D0A3D3E8170}.Release|Any CPU.Build.0 = Release|Any CPU
		{98A96361-3D2C-4AA9-A347-1124E4D2D1DF}.Repolinks-Debug|Any CPU.ActiveCfg = Debug|Any CPU
		{98A96361-3D2C-4AA9-A347-1124E4D2D1DF}.Repolinks-Debug|Any CPU.Build.0 = Debug|Any CPU
		{98A96361-3D2C-4AA9-A347-1124E4D2D1DF}.Debug|Any CPU.ActiveCfg = Debug|Any CPU
		{98A96361-3D2C-4AA9-A347-1124E4D2D1DF}.Debug|Any CPU.Build.0 = Debug|Any CPU
		{98A96361-3D2C-4AA9-A347-1124E4D2D1DF}.Release|Any CPU.ActiveCfg = Release|Any CPU
		{98A96361-3D2C-4AA9-A347-1124E4D2D1DF}.Release|Any CPU.Build.0 = Release|Any CPU
		{38CAA86D-8ADF-4BA2-A56F-03A0948D9472}.Repolinks-Debug|Any CPU.ActiveCfg = Debug|Any CPU
		{38CAA86D-8ADF-4BA2-A56F-03A0948D9472}.Repolinks-Debug|Any CPU.Build.0 = Debug|Any CPU
		{38CAA86D-8ADF-4BA2-A56F-03A0948D9472}.Debug|Any CPU.ActiveCfg = Debug|Any CPU
		{38CAA86D-8ADF-4BA2-A56F-03A0948D9472}.Debug|Any CPU.Build.0 = Debug|Any CPU
		{38CAA86D-8ADF-4BA2-A56F-03A0948D9472}.Release|Any CPU.ActiveCfg = Release|Any CPU
		{38CAA86D-8ADF-4BA2-A56F-03A0948D9472}.Release|Any CPU.Build.0 = Release|Any CPU
		{919DBBB7-CEE7-42CD-BF9C-1955244EAA33}.Repolinks-Debug|Any CPU.ActiveCfg = Debug|Any CPU
		{919DBBB7-CEE7-42CD-BF9C-1955244EAA33}.Repolinks-Debug|Any CPU.Build.0 = Debug|Any CPU
		{919DBBB7-CEE7-42CD-BF9C-1955244EAA33}.Debug|Any CPU.ActiveCfg = Debug|Any CPU
		{919DBBB7-CEE7-42CD-BF9C-1955244EAA33}.Debug|Any CPU.Build.0 = Debug|Any CPU
		{919DBBB7-CEE7-42CD-BF9C-1955244EAA33}.Release|Any CPU.ActiveCfg = Release|Any CPU
		{919DBBB7-CEE7-42CD-BF9C-1955244EAA33}.Release|Any CPU.Build.0 = Release|Any CPU
		{BBA70886-0CA5-4E21-A642-B77FB0918169}.Repolinks-Debug|Any CPU.ActiveCfg = Debug|Any CPU
		{BBA70886-0CA5-4E21-A642-B77FB0918169}.Repolinks-Debug|Any CPU.Build.0 = Debug|Any CPU
		{BBA70886-0CA5-4E21-A642-B77FB0918169}.Debug|Any CPU.ActiveCfg = Debug|Any CPU
		{BBA70886-0CA5-4E21-A642-B77FB0918169}.Debug|Any CPU.Build.0 = Debug|Any CPU
		{BBA70886-0CA5-4E21-A642-B77FB0918169}.Release|Any CPU.ActiveCfg = Release|Any CPU
		{BBA70886-0CA5-4E21-A642-B77FB0918169}.Release|Any CPU.Build.0 = Release|Any CPU
		{72708BD8-D2D5-4FC0-9A70-361EEE14B1EA}.Repolinks-Debug|Any CPU.ActiveCfg = Debug|Any CPU
		{72708BD8-D2D5-4FC0-9A70-361EEE14B1EA}.Repolinks-Debug|Any CPU.Build.0 = Debug|Any CPU
		{72708BD8-D2D5-4FC0-9A70-361EEE14B1EA}.Debug|Any CPU.ActiveCfg = Debug|Any CPU
		{72708BD8-D2D5-4FC0-9A70-361EEE14B1EA}.Debug|Any CPU.Build.0 = Debug|Any CPU
		{72708BD8-D2D5-4FC0-9A70-361EEE14B1EA}.Release|Any CPU.ActiveCfg = Release|Any CPU
		{72708BD8-D2D5-4FC0-9A70-361EEE14B1EA}.Release|Any CPU.Build.0 = Release|Any CPU
		{051BB9FD-8215-4B16-AD1F-A37899C77544}.Repolinks-Debug|Any CPU.ActiveCfg = Debug|Any CPU
		{051BB9FD-8215-4B16-AD1F-A37899C77544}.Repolinks-Debug|Any CPU.Build.0 = Debug|Any CPU
		{051BB9FD-8215-4B16-AD1F-A37899C77544}.Debug|Any CPU.ActiveCfg = Debug|Any CPU
		{051BB9FD-8215-4B16-AD1F-A37899C77544}.Debug|Any CPU.Build.0 = Debug|Any CPU
		{051BB9FD-8215-4B16-AD1F-A37899C77544}.Release|Any CPU.ActiveCfg = Release|Any CPU
		{051BB9FD-8215-4B16-AD1F-A37899C77544}.Release|Any CPU.Build.0 = Release|Any CPU
		{8A04CBC6-8C90-4ADC-AA6A-F618CFCD5941}.Repolinks-Debug|Any CPU.ActiveCfg = Debug|Any CPU
		{8A04CBC6-8C90-4ADC-AA6A-F618CFCD5941}.Repolinks-Debug|Any CPU.Build.0 = Debug|Any CPU
		{8A04CBC6-8C90-4ADC-AA6A-F618CFCD5941}.Debug|Any CPU.ActiveCfg = Debug|Any CPU
		{8A04CBC6-8C90-4ADC-AA6A-F618CFCD5941}.Debug|Any CPU.Build.0 = Debug|Any CPU
		{8A04CBC6-8C90-4ADC-AA6A-F618CFCD5941}.Release|Any CPU.ActiveCfg = Release|Any CPU
		{8A04CBC6-8C90-4ADC-AA6A-F618CFCD5941}.Release|Any CPU.Build.0 = Release|Any CPU
		{F283E6C8-B201-44C5-AD93-AADE3B431468}.Repolinks-Debug|Any CPU.ActiveCfg = Debug|Any CPU
		{F283E6C8-B201-44C5-AD93-AADE3B431468}.Repolinks-Debug|Any CPU.Build.0 = Debug|Any CPU
		{F283E6C8-B201-44C5-AD93-AADE3B431468}.Debug|Any CPU.ActiveCfg = Debug|Any CPU
		{F283E6C8-B201-44C5-AD93-AADE3B431468}.Debug|Any CPU.Build.0 = Debug|Any CPU
		{F283E6C8-B201-44C5-AD93-AADE3B431468}.Release|Any CPU.ActiveCfg = Release|Any CPU
		{F283E6C8-B201-44C5-AD93-AADE3B431468}.Release|Any CPU.Build.0 = Release|Any CPU
		{F27C0E99-734B-41BD-B2C6-CED99A9E8720}.Repolinks-Debug|Any CPU.ActiveCfg = Debug|Any CPU
		{F27C0E99-734B-41BD-B2C6-CED99A9E8720}.Repolinks-Debug|Any CPU.Build.0 = Debug|Any CPU
		{F27C0E99-734B-41BD-B2C6-CED99A9E8720}.Debug|Any CPU.ActiveCfg = Debug|Any CPU
		{F27C0E99-734B-41BD-B2C6-CED99A9E8720}.Debug|Any CPU.Build.0 = Debug|Any CPU
		{F27C0E99-734B-41BD-B2C6-CED99A9E8720}.Release|Any CPU.ActiveCfg = Release|Any CPU
		{F27C0E99-734B-41BD-B2C6-CED99A9E8720}.Release|Any CPU.Build.0 = Release|Any CPU
		{FB70D97A-6302-4BE1-9BF3-5C8AF4D96802}.Repolinks-Debug|Any CPU.ActiveCfg = Debug|Any CPU
		{FB70D97A-6302-4BE1-9BF3-5C8AF4D96802}.Repolinks-Debug|Any CPU.Build.0 = Debug|Any CPU
		{FB70D97A-6302-4BE1-9BF3-5C8AF4D96802}.Debug|Any CPU.ActiveCfg = Debug|Any CPU
		{FB70D97A-6302-4BE1-9BF3-5C8AF4D96802}.Debug|Any CPU.Build.0 = Debug|Any CPU
		{FB70D97A-6302-4BE1-9BF3-5C8AF4D96802}.Release|Any CPU.ActiveCfg = Release|Any CPU
		{FB70D97A-6302-4BE1-9BF3-5C8AF4D96802}.Release|Any CPU.Build.0 = Release|Any CPU
		{93A7C2A1-EE39-49E7-BF3D-F063AE5AAB91}.Repolinks-Debug|Any CPU.ActiveCfg = Debug|Any CPU
		{93A7C2A1-EE39-49E7-BF3D-F063AE5AAB91}.Repolinks-Debug|Any CPU.Build.0 = Debug|Any CPU
		{93A7C2A1-EE39-49E7-BF3D-F063AE5AAB91}.Debug|Any CPU.ActiveCfg = Debug|Any CPU
		{93A7C2A1-EE39-49E7-BF3D-F063AE5AAB91}.Debug|Any CPU.Build.0 = Debug|Any CPU
		{93A7C2A1-EE39-49E7-BF3D-F063AE5AAB91}.Release|Any CPU.ActiveCfg = Release|Any CPU
		{93A7C2A1-EE39-49E7-BF3D-F063AE5AAB91}.Release|Any CPU.Build.0 = Release|Any CPU
		{573BFE62-A79E-4569-ACC7-5C32EB645F36}.Repolinks-Debug|Any CPU.ActiveCfg = Debug|Any CPU
		{573BFE62-A79E-4569-ACC7-5C32EB645F36}.Repolinks-Debug|Any CPU.Build.0 = Debug|Any CPU
		{573BFE62-A79E-4569-ACC7-5C32EB645F36}.Debug|Any CPU.ActiveCfg = Debug|Any CPU
		{573BFE62-A79E-4569-ACC7-5C32EB645F36}.Debug|Any CPU.Build.0 = Debug|Any CPU
		{573BFE62-A79E-4569-ACC7-5C32EB645F36}.Release|Any CPU.ActiveCfg = Release|Any CPU
		{573BFE62-A79E-4569-ACC7-5C32EB645F36}.Release|Any CPU.Build.0 = Release|Any CPU
		{C332A228-9BE8-4304-8031-E625F7C272EB}.Repolinks-Debug|Any CPU.ActiveCfg = Debug|Any CPU
		{C332A228-9BE8-4304-8031-E625F7C272EB}.Repolinks-Debug|Any CPU.Build.0 = Debug|Any CPU
		{C332A228-9BE8-4304-8031-E625F7C272EB}.Debug|Any CPU.ActiveCfg = Debug|Any CPU
		{C332A228-9BE8-4304-8031-E625F7C272EB}.Debug|Any CPU.Build.0 = Debug|Any CPU
		{C332A228-9BE8-4304-8031-E625F7C272EB}.Release|Any CPU.ActiveCfg = Release|Any CPU
		{C332A228-9BE8-4304-8031-E625F7C272EB}.Release|Any CPU.Build.0 = Release|Any CPU
		{F04859EF-37CE-4036-A315-0FFB8C0532E5}.Repolinks-Debug|Any CPU.ActiveCfg = Debug|Any CPU
		{F04859EF-37CE-4036-A315-0FFB8C0532E5}.Repolinks-Debug|Any CPU.Build.0 = Debug|Any CPU
		{F04859EF-37CE-4036-A315-0FFB8C0532E5}.Debug|Any CPU.ActiveCfg = Debug|Any CPU
		{F04859EF-37CE-4036-A315-0FFB8C0532E5}.Debug|Any CPU.Build.0 = Debug|Any CPU
		{F04859EF-37CE-4036-A315-0FFB8C0532E5}.Release|Any CPU.ActiveCfg = Release|Any CPU
		{F04859EF-37CE-4036-A315-0FFB8C0532E5}.Release|Any CPU.Build.0 = Release|Any CPU
		{E43CF435-ECE9-4D35-98AA-3228C4A74506}.Repolinks-Debug|Any CPU.ActiveCfg = Debug|Any CPU
		{E43CF435-ECE9-4D35-98AA-3228C4A74506}.Repolinks-Debug|Any CPU.Build.0 = Debug|Any CPU
		{E43CF435-ECE9-4D35-98AA-3228C4A74506}.Debug|Any CPU.ActiveCfg = Debug|Any CPU
		{E43CF435-ECE9-4D35-98AA-3228C4A74506}.Debug|Any CPU.Build.0 = Debug|Any CPU
		{E43CF435-ECE9-4D35-98AA-3228C4A74506}.Release|Any CPU.ActiveCfg = Release|Any CPU
		{E43CF435-ECE9-4D35-98AA-3228C4A74506}.Release|Any CPU.Build.0 = Release|Any CPU
		{E33E3571-C62A-4775-8315-FBAB7C6D9938}.Repolinks-Debug|Any CPU.ActiveCfg = Debug|Any CPU
		{E33E3571-C62A-4775-8315-FBAB7C6D9938}.Repolinks-Debug|Any CPU.Build.0 = Debug|Any CPU
		{E33E3571-C62A-4775-8315-FBAB7C6D9938}.Debug|Any CPU.ActiveCfg = Debug|Any CPU
		{E33E3571-C62A-4775-8315-FBAB7C6D9938}.Debug|Any CPU.Build.0 = Debug|Any CPU
		{E33E3571-C62A-4775-8315-FBAB7C6D9938}.Release|Any CPU.ActiveCfg = Release|Any CPU
		{E33E3571-C62A-4775-8315-FBAB7C6D9938}.Release|Any CPU.Build.0 = Release|Any CPU
		{FD739EF6-FC20-4167-BA88-6EC3533C5486}.Repolinks-Debug|Any CPU.ActiveCfg = Repolinks-Debug|Any CPU
		{FD739EF6-FC20-4167-BA88-6EC3533C5486}.Repolinks-Debug|Any CPU.Build.0 = Repolinks-Debug|Any CPU
		{FD739EF6-FC20-4167-BA88-6EC3533C5486}.Debug|Any CPU.ActiveCfg = Debug|Any CPU
		{FD739EF6-FC20-4167-BA88-6EC3533C5486}.Debug|Any CPU.Build.0 = Debug|Any CPU
		{FD739EF6-FC20-4167-BA88-6EC3533C5486}.Release|Any CPU.ActiveCfg = Release|Any CPU
		{FD739EF6-FC20-4167-BA88-6EC3533C5486}.Release|Any CPU.Build.0 = Release|Any CPU
		{7BAF65D6-0BB7-46E5-9C69-32C1AE7B1E6E}.Repolinks-Debug|Any CPU.ActiveCfg = Repolinks-Debug|Any CPU
		{7BAF65D6-0BB7-46E5-9C69-32C1AE7B1E6E}.Repolinks-Debug|Any CPU.Build.0 = Repolinks-Debug|Any CPU
		{7BAF65D6-0BB7-46E5-9C69-32C1AE7B1E6E}.Debug|Any CPU.ActiveCfg = Debug|Any CPU
		{7BAF65D6-0BB7-46E5-9C69-32C1AE7B1E6E}.Debug|Any CPU.Build.0 = Debug|Any CPU
		{7BAF65D6-0BB7-46E5-9C69-32C1AE7B1E6E}.Release|Any CPU.ActiveCfg = Release|Any CPU
		{7BAF65D6-0BB7-46E5-9C69-32C1AE7B1E6E}.Release|Any CPU.Build.0 = Release|Any CPU
		{5EBFDEAE-FA52-4191-A661-832DE662825B}.Repolinks-Debug|Any CPU.ActiveCfg = Repolinks-Debug|Any CPU
		{5EBFDEAE-FA52-4191-A661-832DE662825B}.Repolinks-Debug|Any CPU.Build.0 = Repolinks-Debug|Any CPU
		{5EBFDEAE-FA52-4191-A661-832DE662825B}.Debug|Any CPU.ActiveCfg = Debug|Any CPU
		{5EBFDEAE-FA52-4191-A661-832DE662825B}.Debug|Any CPU.Build.0 = Debug|Any CPU
		{5EBFDEAE-FA52-4191-A661-832DE662825B}.Release|Any CPU.ActiveCfg = Release|Any CPU
		{5EBFDEAE-FA52-4191-A661-832DE662825B}.Release|Any CPU.Build.0 = Release|Any CPU
		{546056FA-245F-463E-854B-DC9EE68D354F}.Repolinks-Debug|Any CPU.ActiveCfg = Repolinks-Debug|Any CPU
		{546056FA-245F-463E-854B-DC9EE68D354F}.Repolinks-Debug|Any CPU.Build.0 = Repolinks-Debug|Any CPU
		{546056FA-245F-463E-854B-DC9EE68D354F}.Debug|Any CPU.ActiveCfg = Debug|Any CPU
		{546056FA-245F-463E-854B-DC9EE68D354F}.Debug|Any CPU.Build.0 = Debug|Any CPU
		{546056FA-245F-463E-854B-DC9EE68D354F}.Release|Any CPU.ActiveCfg = Release|Any CPU
		{546056FA-245F-463E-854B-DC9EE68D354F}.Release|Any CPU.Build.0 = Release|Any CPU
		{1F1EC8F2-45C8-4681-A5FA-8C93CABEF9CE}.Repolinks-Debug|Any CPU.ActiveCfg = Repolinks-Debug|Any CPU
		{1F1EC8F2-45C8-4681-A5FA-8C93CABEF9CE}.Repolinks-Debug|Any CPU.Build.0 = Repolinks-Debug|Any CPU
		{1F1EC8F2-45C8-4681-A5FA-8C93CABEF9CE}.Debug|Any CPU.ActiveCfg = Debug|Any CPU
		{1F1EC8F2-45C8-4681-A5FA-8C93CABEF9CE}.Debug|Any CPU.Build.0 = Debug|Any CPU
		{1F1EC8F2-45C8-4681-A5FA-8C93CABEF9CE}.Release|Any CPU.ActiveCfg = Release|Any CPU
		{1F1EC8F2-45C8-4681-A5FA-8C93CABEF9CE}.Release|Any CPU.Build.0 = Release|Any CPU
		{0323C689-AFBE-4892-9F7D-596EE4FD286D}.Repolinks-Debug|Any CPU.ActiveCfg = Repolinks-Debug|Any CPU
		{0323C689-AFBE-4892-9F7D-596EE4FD286D}.Repolinks-Debug|Any CPU.Build.0 = Repolinks-Debug|Any CPU
		{0323C689-AFBE-4892-9F7D-596EE4FD286D}.Debug|Any CPU.ActiveCfg = Debug|Any CPU
		{0323C689-AFBE-4892-9F7D-596EE4FD286D}.Debug|Any CPU.Build.0 = Debug|Any CPU
		{0323C689-AFBE-4892-9F7D-596EE4FD286D}.Release|Any CPU.ActiveCfg = Release|Any CPU
		{0323C689-AFBE-4892-9F7D-596EE4FD286D}.Release|Any CPU.Build.0 = Release|Any CPU
		{45F8E38B-9FA1-446C-BD39-834A6BA1C005}.Repolinks-Debug|Any CPU.ActiveCfg = Repolinks-Debug|Any CPU
		{45F8E38B-9FA1-446C-BD39-834A6BA1C005}.Repolinks-Debug|Any CPU.Build.0 = Repolinks-Debug|Any CPU
		{45F8E38B-9FA1-446C-BD39-834A6BA1C005}.Debug|Any CPU.ActiveCfg = Debug|Any CPU
		{45F8E38B-9FA1-446C-BD39-834A6BA1C005}.Debug|Any CPU.Build.0 = Debug|Any CPU
		{45F8E38B-9FA1-446C-BD39-834A6BA1C005}.Release|Any CPU.ActiveCfg = Release|Any CPU
		{45F8E38B-9FA1-446C-BD39-834A6BA1C005}.Release|Any CPU.Build.0 = Release|Any CPU
		{3B81A7C1-5FE7-4D32-8998-578B320131CF}.Repolinks-Debug|Any CPU.ActiveCfg = Repolinks-Debug|Any CPU
		{3B81A7C1-5FE7-4D32-8998-578B320131CF}.Repolinks-Debug|Any CPU.Build.0 = Repolinks-Debug|Any CPU
		{3B81A7C1-5FE7-4D32-8998-578B320131CF}.Debug|Any CPU.ActiveCfg = Debug|Any CPU
		{3B81A7C1-5FE7-4D32-8998-578B320131CF}.Debug|Any CPU.Build.0 = Debug|Any CPU
		{3B81A7C1-5FE7-4D32-8998-578B320131CF}.Release|Any CPU.ActiveCfg = Release|Any CPU
		{3B81A7C1-5FE7-4D32-8998-578B320131CF}.Release|Any CPU.Build.0 = Release|Any CPU
		{5489FC80-FF7A-49A4-A517-8936C2087F2B}.Repolinks-Debug|Any CPU.ActiveCfg = Repolinks-Debug|Any CPU
		{5489FC80-FF7A-49A4-A517-8936C2087F2B}.Repolinks-Debug|Any CPU.Build.0 = Repolinks-Debug|Any CPU
		{5489FC80-FF7A-49A4-A517-8936C2087F2B}.Debug|Any CPU.ActiveCfg = Debug|Any CPU
		{5489FC80-FF7A-49A4-A517-8936C2087F2B}.Debug|Any CPU.Build.0 = Debug|Any CPU
		{5489FC80-FF7A-49A4-A517-8936C2087F2B}.Release|Any CPU.ActiveCfg = Release|Any CPU
		{5489FC80-FF7A-49A4-A517-8936C2087F2B}.Release|Any CPU.Build.0 = Release|Any CPU
		{3B3DCF25-81EC-475D-9775-2B45452C63D2}.Repolinks-Debug|Any CPU.ActiveCfg = Repolinks-Debug|Any CPU
		{3B3DCF25-81EC-475D-9775-2B45452C63D2}.Repolinks-Debug|Any CPU.Build.0 = Repolinks-Debug|Any CPU
		{3B3DCF25-81EC-475D-9775-2B45452C63D2}.Debug|Any CPU.ActiveCfg = Debug|Any CPU
		{3B3DCF25-81EC-475D-9775-2B45452C63D2}.Debug|Any CPU.Build.0 = Debug|Any CPU
		{3B3DCF25-81EC-475D-9775-2B45452C63D2}.Release|Any CPU.ActiveCfg = Release|Any CPU
		{3B3DCF25-81EC-475D-9775-2B45452C63D2}.Release|Any CPU.Build.0 = Release|Any CPU
		{EF879534-64C9-462D-90C9-99E6A3E2E5F2}.Repolinks-Debug|Any CPU.ActiveCfg = Debug|Any CPU
		{EF879534-64C9-462D-90C9-99E6A3E2E5F2}.Repolinks-Debug|Any CPU.Build.0 = Debug|Any CPU
		{EF879534-64C9-462D-90C9-99E6A3E2E5F2}.Debug|Any CPU.ActiveCfg = Debug|Any CPU
		{EF879534-64C9-462D-90C9-99E6A3E2E5F2}.Debug|Any CPU.Build.0 = Debug|Any CPU
		{EF879534-64C9-462D-90C9-99E6A3E2E5F2}.Release|Any CPU.ActiveCfg = Release|Any CPU
		{EF879534-64C9-462D-90C9-99E6A3E2E5F2}.Release|Any CPU.Build.0 = Release|Any CPU
		{F537D66C-6727-4652-9AC3-12878D21F0CB}.Repolinks-Debug|Any CPU.ActiveCfg = Debug|Any CPU
		{F537D66C-6727-4652-9AC3-12878D21F0CB}.Repolinks-Debug|Any CPU.Build.0 = Debug|Any CPU
		{F537D66C-6727-4652-9AC3-12878D21F0CB}.Debug|Any CPU.ActiveCfg = Debug|Any CPU
		{F537D66C-6727-4652-9AC3-12878D21F0CB}.Debug|Any CPU.Build.0 = Debug|Any CPU
		{F537D66C-6727-4652-9AC3-12878D21F0CB}.Release|Any CPU.ActiveCfg = Release|Any CPU
		{F537D66C-6727-4652-9AC3-12878D21F0CB}.Release|Any CPU.Build.0 = Release|Any CPU
	EndGlobalSection
	GlobalSection(SolutionProperties) = preSolution
		HideSolutionNode = FALSE
	EndGlobalSection
	GlobalSection(NestedProjects) = preSolution
		{E1F1BD03-EC27-4AE8-8021-4580560A0E29} = {39EEE678-E12E-4BFE-AB64-66A11AC4D074}
		{B157AFD0-7402-436D-9156-B9D62854D77C} = {39EEE678-E12E-4BFE-AB64-66A11AC4D074}
		{10790F2C-1370-4050-A0BF-7B0D4B509AF3} = {39EEE678-E12E-4BFE-AB64-66A11AC4D074}
		{0A3294D7-05DD-49E9-9A3E-7D5B530F9FCB} = {39EEE678-E12E-4BFE-AB64-66A11AC4D074}
		{BBBD355A-6056-4269-A235-2D0A3D3E8170} = {0C10C201-7188-4109-95E8-B9BCDA39BA9F}
		{98A96361-3D2C-4AA9-A347-1124E4D2D1DF} = {0C10C201-7188-4109-95E8-B9BCDA39BA9F}
		{38CAA86D-8ADF-4BA2-A56F-03A0948D9472} = {0C10C201-7188-4109-95E8-B9BCDA39BA9F}
		{919DBBB7-CEE7-42CD-BF9C-1955244EAA33} = {0C10C201-7188-4109-95E8-B9BCDA39BA9F}
		{BBA70886-0CA5-4E21-A642-B77FB0918169} = {0C10C201-7188-4109-95E8-B9BCDA39BA9F}
		{72708BD8-D2D5-4FC0-9A70-361EEE14B1EA} = {728BAF88-2E0F-4804-80E8-C79F2D094F6E}
		{051BB9FD-8215-4B16-AD1F-A37899C77544} = {0C10C201-7188-4109-95E8-B9BCDA39BA9F}
		{8A04CBC6-8C90-4ADC-AA6A-F618CFCD5941} = {728BAF88-2E0F-4804-80E8-C79F2D094F6E}
		{F283E6C8-B201-44C5-AD93-AADE3B431468} = {728BAF88-2E0F-4804-80E8-C79F2D094F6E}
		{F27C0E99-734B-41BD-B2C6-CED99A9E8720} = {0C10C201-7188-4109-95E8-B9BCDA39BA9F}
		{FB70D97A-6302-4BE1-9BF3-5C8AF4D96802} = {728BAF88-2E0F-4804-80E8-C79F2D094F6E}
		{728BAF88-2E0F-4804-80E8-C79F2D094F6E} = {0C10C201-7188-4109-95E8-B9BCDA39BA9F}
		{93A7C2A1-EE39-49E7-BF3D-F063AE5AAB91} = {728BAF88-2E0F-4804-80E8-C79F2D094F6E}
		{573BFE62-A79E-4569-ACC7-5C32EB645F36} = {728BAF88-2E0F-4804-80E8-C79F2D094F6E}
		{C332A228-9BE8-4304-8031-E625F7C272EB} = {0C10C201-7188-4109-95E8-B9BCDA39BA9F}
		{F04859EF-37CE-4036-A315-0FFB8C0532E5} = {728BAF88-2E0F-4804-80E8-C79F2D094F6E}
		{E43CF435-ECE9-4D35-98AA-3228C4A74506} = {0C10C201-7188-4109-95E8-B9BCDA39BA9F}
		{E33E3571-C62A-4775-8315-FBAB7C6D9938} = {0C10C201-7188-4109-95E8-B9BCDA39BA9F}
		{FD739EF6-FC20-4167-BA88-6EC3533C5486} = {8C13E8F4-10CE-49FB-8E27-C0B7B282B9D3}
		{7BAF65D6-0BB7-46E5-9C69-32C1AE7B1E6E} = {8C13E8F4-10CE-49FB-8E27-C0B7B282B9D3}
		{5EBFDEAE-FA52-4191-A661-832DE662825B} = {8C13E8F4-10CE-49FB-8E27-C0B7B282B9D3}
		{546056FA-245F-463E-854B-DC9EE68D354F} = {8C13E8F4-10CE-49FB-8E27-C0B7B282B9D3}
		{1F1EC8F2-45C8-4681-A5FA-8C93CABEF9CE} = {8C13E8F4-10CE-49FB-8E27-C0B7B282B9D3}
		{0323C689-AFBE-4892-9F7D-596EE4FD286D} = {83592D1C-6FB5-4BDE-AACF-8BB3A6C1E0E8}
		{45F8E38B-9FA1-446C-BD39-834A6BA1C005} = {83592D1C-6FB5-4BDE-AACF-8BB3A6C1E0E8}
		{3B81A7C1-5FE7-4D32-8998-578B320131CF} = {83592D1C-6FB5-4BDE-AACF-8BB3A6C1E0E8}
		{5489FC80-FF7A-49A4-A517-8936C2087F2B} = {83592D1C-6FB5-4BDE-AACF-8BB3A6C1E0E8}
		{3B3DCF25-81EC-475D-9775-2B45452C63D2} = {83592D1C-6FB5-4BDE-AACF-8BB3A6C1E0E8}
		{8C13E8F4-10CE-49FB-8E27-C0B7B282B9D3} = {8937834A-C498-4952-AEB1-179B615872B6}
		{83592D1C-6FB5-4BDE-AACF-8BB3A6C1E0E8} = {8937834A-C498-4952-AEB1-179B615872B6}
		{EF879534-64C9-462D-90C9-99E6A3E2E5F2} = {359DF790-C629-4DB0-B36F-939E1A54A39F}
		{9D198AB1-B960-4038-A514-992F2C6B3F2B} = {359DF790-C629-4DB0-B36F-939E1A54A39F}
		{F537D66C-6727-4652-9AC3-12878D21F0CB} = {9D198AB1-B960-4038-A514-992F2C6B3F2B}
	EndGlobalSection
	GlobalSection(ExtensibilityGlobals) = postSolution
		SolutionGuid = {8EFCD531-755C-4738-A710-61E0CB7030C6}
	EndGlobalSection
EndGlobal
